// !$*UTF8*$!
{
	archiveVersion = 1;
	classes = {
	};
	objectVersion = 56;
	objects = {

/* Begin PBXBuildFile section */
		7010A45F2A7A6A1D006F3B91 /* PageInfo.swift in Sources */ = {isa = PBXBuildFile; fileRef = 7010A45E2A7A6A1D006F3B91 /* PageInfo.swift */; };
		7010A4612A7A7F74006F3B91 /* EpisodeModel.swift in Sources */ = {isa = PBXBuildFile; fileRef = 7010A4602A7A7F74006F3B91 /* EpisodeModel.swift */; };
		7010A4632A7A809B006F3B91 /* EpisodeViewModel.swift in Sources */ = {isa = PBXBuildFile; fileRef = 7010A4622A7A809B006F3B91 /* EpisodeViewModel.swift */; };
		7010A4662A7A8289006F3B91 /* EpisodeCard.swift in Sources */ = {isa = PBXBuildFile; fileRef = 7010A4652A7A8289006F3B91 /* EpisodeCard.swift */; };
		7010A4682A7A860A006F3B91 /* EpisodeList.swift in Sources */ = {isa = PBXBuildFile; fileRef = 7010A4672A7A860A006F3B91 /* EpisodeList.swift */; };
		7010A46C2A7A916B006F3B91 /* EpisodeDetailView.swift in Sources */ = {isa = PBXBuildFile; fileRef = 7010A46B2A7A916B006F3B91 /* EpisodeDetailView.swift */; };
		702908DF2A777DD7008AF4C4 /* CharacterDetailCard.swift in Sources */ = {isa = PBXBuildFile; fileRef = 702908DE2A777DD7008AF4C4 /* CharacterDetailCard.swift */; };
		702908E32A77CA0C008AF4C4 /* CharacterViewModel.swift in Sources */ = {isa = PBXBuildFile; fileRef = 702908E22A77CA0C008AF4C4 /* CharacterViewModel.swift */; };
		702908E92A77E6E5008AF4C4 /* API.swift in Sources */ = {isa = PBXBuildFile; fileRef = 702908E82A77E6E5008AF4C4 /* API.swift */; };
		704BFD702A78FD9300D6E39C /* LocationModel.swift in Sources */ = {isa = PBXBuildFile; fileRef = 704BFD6F2A78FD9300D6E39C /* LocationModel.swift */; };
		704BFD742A79001200D6E39C /* LocationCard.swift in Sources */ = {isa = PBXBuildFile; fileRef = 704BFD732A79001200D6E39C /* LocationCard.swift */; };
		704BFD7A2A79181E00D6E39C /* LocationViewModel.swift in Sources */ = {isa = PBXBuildFile; fileRef = 704BFD792A79181E00D6E39C /* LocationViewModel.swift */; };
		704BFD7C2A791DD900D6E39C /* LocationDetailView.swift in Sources */ = {isa = PBXBuildFile; fileRef = 704BFD7B2A791DD900D6E39C /* LocationDetailView.swift */; };
		704BFD7E2A7924BA00D6E39C /* LocationList.swift in Sources */ = {isa = PBXBuildFile; fileRef = 704BFD7D2A7924BA00D6E39C /* LocationList.swift */; };
		706EA5282A6E5E17002AF3C2 /* CharacterModel.swift in Sources */ = {isa = PBXBuildFile; fileRef = 706EA5272A6E5E17002AF3C2 /* CharacterModel.swift */; };
		708BE81D2A7B7851006AEF58 /* Color.swift in Sources */ = {isa = PBXBuildFile; fileRef = 708BE81C2A7B7851006AEF58 /* Color.swift */; };
		708BE8202A7B7E4D006AEF58 /* Localizable.strings in Resources */ = {isa = PBXBuildFile; fileRef = 708BE8222A7B7E4D006AEF58 /* Localizable.strings */; };
		708BE8252A7B97B6006AEF58 /* EpisodeTextStyle.swift in Sources */ = {isa = PBXBuildFile; fileRef = 708BE8242A7B97B6006AEF58 /* EpisodeTextStyle.swift */; };
		708BE8272A7B9D97006AEF58 /* EpisodeDetailCard.swift in Sources */ = {isa = PBXBuildFile; fileRef = 708BE8262A7B9D97006AEF58 /* EpisodeDetailCard.swift */; };
		708BE82B2A7B9F7A006AEF58 /* EpisodeCardStyle.swift in Sources */ = {isa = PBXBuildFile; fileRef = 708BE82A2A7B9F7A006AEF58 /* EpisodeCardStyle.swift */; };
		708BE82D2A7BB90B006AEF58 /* EpisodeDetailListCard.swift in Sources */ = {isa = PBXBuildFile; fileRef = 708BE82C2A7BB90B006AEF58 /* EpisodeDetailListCard.swift */; };
		708BE82F2A7BC487006AEF58 /* EpisodeCharacterViewModel.swift in Sources */ = {isa = PBXBuildFile; fileRef = 708BE82E2A7BC487006AEF58 /* EpisodeCharacterViewModel.swift */; };
		709812962A738B8D00ACBDDF /* ContentView.swift in Sources */ = {isa = PBXBuildFile; fileRef = 709812952A738B8D00ACBDDF /* ContentView.swift */; };
		709812982A738BAA00ACBDDF /* TabBar.swift in Sources */ = {isa = PBXBuildFile; fileRef = 709812972A738BAA00ACBDDF /* TabBar.swift */; };
		7098129C2A738BF100ACBDDF /* EpisodesView.swift in Sources */ = {isa = PBXBuildFile; fileRef = 7098129B2A738BF100ACBDDF /* EpisodesView.swift */; };
		7098129E2A738BFB00ACBDDF /* LocationsView.swift in Sources */ = {isa = PBXBuildFile; fileRef = 7098129D2A738BFB00ACBDDF /* LocationsView.swift */; };
		709812A02A738C0A00ACBDDF /* CharactersView.swift in Sources */ = {isa = PBXBuildFile; fileRef = 7098129F2A738C0A00ACBDDF /* CharactersView.swift */; };
		709812A42A738C3500ACBDDF /* FavoritesView.swift in Sources */ = {isa = PBXBuildFile; fileRef = 709812A32A738C3500ACBDDF /* FavoritesView.swift */; };
		709812A62A738DE500ACBDDF /* HomeView.swift in Sources */ = {isa = PBXBuildFile; fileRef = 709812A52A738DE500ACBDDF /* HomeView.swift */; };
		709812A82A73AEEE00ACBDDF /* CharacterCard.swift in Sources */ = {isa = PBXBuildFile; fileRef = 709812A72A73AEED00ACBDDF /* CharacterCard.swift */; };
		709812AA2A73B9AC00ACBDDF /* CharacterList.swift in Sources */ = {isa = PBXBuildFile; fileRef = 709812A92A73B9AC00ACBDDF /* CharacterList.swift */; };
		709812AC2A73CE8300ACBDDF /* CharacterDetailView.swift in Sources */ = {isa = PBXBuildFile; fileRef = 709812AB2A73CE8300ACBDDF /* CharacterDetailView.swift */; };
		70FD1FF52A6AC412000E02A8 /* TheRickandMortyApp.swift in Sources */ = {isa = PBXBuildFile; fileRef = 70FD1FF42A6AC412000E02A8 /* TheRickandMortyApp.swift */; };
		70FD1FF92A6AC415000E02A8 /* Assets.xcassets in Resources */ = {isa = PBXBuildFile; fileRef = 70FD1FF82A6AC415000E02A8 /* Assets.xcassets */; };
		70FD1FFC2A6AC415000E02A8 /* Preview Assets.xcassets in Resources */ = {isa = PBXBuildFile; fileRef = 70FD1FFB2A6AC415000E02A8 /* Preview Assets.xcassets */; };
/* End PBXBuildFile section */

/* Begin PBXFileReference section */
		7010A45E2A7A6A1D006F3B91 /* PageInfo.swift */ = {isa = PBXFileReference; lastKnownFileType = sourcecode.swift; path = PageInfo.swift; sourceTree = "<group>"; };
		7010A4602A7A7F74006F3B91 /* EpisodeModel.swift */ = {isa = PBXFileReference; lastKnownFileType = sourcecode.swift; path = EpisodeModel.swift; sourceTree = "<group>"; };
		7010A4622A7A809B006F3B91 /* EpisodeViewModel.swift */ = {isa = PBXFileReference; lastKnownFileType = sourcecode.swift; path = EpisodeViewModel.swift; sourceTree = "<group>"; };
		7010A4652A7A8289006F3B91 /* EpisodeCard.swift */ = {isa = PBXFileReference; lastKnownFileType = sourcecode.swift; path = EpisodeCard.swift; sourceTree = "<group>"; };
		7010A4672A7A860A006F3B91 /* EpisodeList.swift */ = {isa = PBXFileReference; lastKnownFileType = sourcecode.swift; path = EpisodeList.swift; sourceTree = "<group>"; };
		7010A46B2A7A916B006F3B91 /* EpisodeDetailView.swift */ = {isa = PBXFileReference; lastKnownFileType = sourcecode.swift; path = EpisodeDetailView.swift; sourceTree = "<group>"; };
		702908DE2A777DD7008AF4C4 /* CharacterDetailCard.swift */ = {isa = PBXFileReference; lastKnownFileType = sourcecode.swift; path = CharacterDetailCard.swift; sourceTree = "<group>"; };
		702908E22A77CA0C008AF4C4 /* CharacterViewModel.swift */ = {isa = PBXFileReference; lastKnownFileType = sourcecode.swift; path = CharacterViewModel.swift; sourceTree = "<group>"; };
		702908E82A77E6E5008AF4C4 /* API.swift */ = {isa = PBXFileReference; lastKnownFileType = sourcecode.swift; path = API.swift; sourceTree = "<group>"; };
		704BFD6F2A78FD9300D6E39C /* LocationModel.swift */ = {isa = PBXFileReference; lastKnownFileType = sourcecode.swift; path = LocationModel.swift; sourceTree = "<group>"; };
		704BFD732A79001200D6E39C /* LocationCard.swift */ = {isa = PBXFileReference; lastKnownFileType = sourcecode.swift; path = LocationCard.swift; sourceTree = "<group>"; };
		704BFD792A79181E00D6E39C /* LocationViewModel.swift */ = {isa = PBXFileReference; lastKnownFileType = sourcecode.swift; path = LocationViewModel.swift; sourceTree = "<group>"; };
		704BFD7B2A791DD900D6E39C /* LocationDetailView.swift */ = {isa = PBXFileReference; lastKnownFileType = sourcecode.swift; path = LocationDetailView.swift; sourceTree = "<group>"; };
		704BFD7D2A7924BA00D6E39C /* LocationList.swift */ = {isa = PBXFileReference; lastKnownFileType = sourcecode.swift; path = LocationList.swift; sourceTree = "<group>"; };
		706EA5272A6E5E17002AF3C2 /* CharacterModel.swift */ = {isa = PBXFileReference; lastKnownFileType = sourcecode.swift; path = CharacterModel.swift; sourceTree = "<group>"; };
		708BE81C2A7B7851006AEF58 /* Color.swift */ = {isa = PBXFileReference; lastKnownFileType = sourcecode.swift; path = Color.swift; sourceTree = "<group>"; };
		708BE8212A7B7E4D006AEF58 /* en */ = {isa = PBXFileReference; lastKnownFileType = text.plist.strings; name = en; path = en.lproj/Localizable.strings; sourceTree = "<group>"; };
		708BE8232A7B7E50006AEF58 /* tr */ = {isa = PBXFileReference; lastKnownFileType = text.plist.strings; name = tr; path = tr.lproj/Localizable.strings; sourceTree = "<group>"; };
		708BE8242A7B97B6006AEF58 /* EpisodeTextStyle.swift */ = {isa = PBXFileReference; lastKnownFileType = sourcecode.swift; path = EpisodeTextStyle.swift; sourceTree = "<group>"; };
		708BE8262A7B9D97006AEF58 /* EpisodeDetailCard.swift */ = {isa = PBXFileReference; lastKnownFileType = sourcecode.swift; path = EpisodeDetailCard.swift; sourceTree = "<group>"; };
		708BE82A2A7B9F7A006AEF58 /* EpisodeCardStyle.swift */ = {isa = PBXFileReference; lastKnownFileType = sourcecode.swift; path = EpisodeCardStyle.swift; sourceTree = "<group>"; };
		708BE82C2A7BB90B006AEF58 /* EpisodeDetailListCard.swift */ = {isa = PBXFileReference; lastKnownFileType = sourcecode.swift; path = EpisodeDetailListCard.swift; sourceTree = "<group>"; };
		708BE82E2A7BC487006AEF58 /* EpisodeCharacterViewModel.swift */ = {isa = PBXFileReference; lastKnownFileType = sourcecode.swift; path = EpisodeCharacterViewModel.swift; sourceTree = "<group>"; };
		709812952A738B8D00ACBDDF /* ContentView.swift */ = {isa = PBXFileReference; lastKnownFileType = sourcecode.swift; path = ContentView.swift; sourceTree = "<group>"; };
		709812972A738BAA00ACBDDF /* TabBar.swift */ = {isa = PBXFileReference; lastKnownFileType = sourcecode.swift; path = TabBar.swift; sourceTree = "<group>"; };
		7098129B2A738BF100ACBDDF /* EpisodesView.swift */ = {isa = PBXFileReference; lastKnownFileType = sourcecode.swift; path = EpisodesView.swift; sourceTree = "<group>"; };
		7098129D2A738BFB00ACBDDF /* LocationsView.swift */ = {isa = PBXFileReference; lastKnownFileType = sourcecode.swift; path = LocationsView.swift; sourceTree = "<group>"; };
		7098129F2A738C0A00ACBDDF /* CharactersView.swift */ = {isa = PBXFileReference; lastKnownFileType = sourcecode.swift; path = CharactersView.swift; sourceTree = "<group>"; };
		709812A32A738C3500ACBDDF /* FavoritesView.swift */ = {isa = PBXFileReference; lastKnownFileType = sourcecode.swift; path = FavoritesView.swift; sourceTree = "<group>"; };
		709812A52A738DE500ACBDDF /* HomeView.swift */ = {isa = PBXFileReference; lastKnownFileType = sourcecode.swift; path = HomeView.swift; sourceTree = "<group>"; };
		709812A72A73AEED00ACBDDF /* CharacterCard.swift */ = {isa = PBXFileReference; lastKnownFileType = sourcecode.swift; path = CharacterCard.swift; sourceTree = "<group>"; };
		709812A92A73B9AC00ACBDDF /* CharacterList.swift */ = {isa = PBXFileReference; lastKnownFileType = sourcecode.swift; path = CharacterList.swift; sourceTree = "<group>"; };
		709812AB2A73CE8300ACBDDF /* CharacterDetailView.swift */ = {isa = PBXFileReference; lastKnownFileType = sourcecode.swift; path = CharacterDetailView.swift; sourceTree = "<group>"; };
		70FD1FF12A6AC412000E02A8 /* TheRickandMorty.app */ = {isa = PBXFileReference; explicitFileType = wrapper.application; includeInIndex = 0; path = TheRickandMorty.app; sourceTree = BUILT_PRODUCTS_DIR; };
		70FD1FF42A6AC412000E02A8 /* TheRickandMortyApp.swift */ = {isa = PBXFileReference; lastKnownFileType = sourcecode.swift; path = TheRickandMortyApp.swift; sourceTree = "<group>"; };
		70FD1FF82A6AC415000E02A8 /* Assets.xcassets */ = {isa = PBXFileReference; lastKnownFileType = folder.assetcatalog; path = Assets.xcassets; sourceTree = "<group>"; };
		70FD1FFB2A6AC415000E02A8 /* Preview Assets.xcassets */ = {isa = PBXFileReference; lastKnownFileType = folder.assetcatalog; path = "Preview Assets.xcassets"; sourceTree = "<group>"; };
/* End PBXFileReference section */

/* Begin PBXFrameworksBuildPhase section */
		70FD1FEE2A6AC412000E02A8 /* Frameworks */ = {
			isa = PBXFrameworksBuildPhase;
			buildActionMask = 2147483647;
			files = (
			);
			runOnlyForDeploymentPostprocessing = 0;
		};
/* End PBXFrameworksBuildPhase section */

/* Begin PBXGroup section */
		7010A4642A7A826F006F3B91 /* Episode */ = {
			isa = PBXGroup;
			children = (
				7010A4652A7A8289006F3B91 /* EpisodeCard.swift */,
				7010A4672A7A860A006F3B91 /* EpisodeList.swift */,
				708BE8262A7B9D97006AEF58 /* EpisodeDetailCard.swift */,
				708BE82C2A7BB90B006AEF58 /* EpisodeDetailListCard.swift */,
			);
			path = Episode;
			sourceTree = "<group>";
		};
		702908E72A77E6D3008AF4C4 /* Service */ = {
			isa = PBXGroup;
			children = (
				702908E82A77E6E5008AF4C4 /* API.swift */,
			);
			path = Service;
			sourceTree = "<group>";
		};
		704BFD7F2A79338300D6E39C /* Character */ = {
			isa = PBXGroup;
			children = (
				709812A72A73AEED00ACBDDF /* CharacterCard.swift */,
				709812A92A73B9AC00ACBDDF /* CharacterList.swift */,
				702908DE2A777DD7008AF4C4 /* CharacterDetailCard.swift */,
			);
			path = Character;
			sourceTree = "<group>";
		};
		704BFD802A79339400D6E39C /* Location */ = {
			isa = PBXGroup;
			children = (
				704BFD7D2A7924BA00D6E39C /* LocationList.swift */,
				704BFD732A79001200D6E39C /* LocationCard.swift */,
			);
			path = Location;
			sourceTree = "<group>";
		};
		706EA5262A6E5DA4002AF3C2 /* Models */ = {
			isa = PBXGroup;
			children = (
				706EA5272A6E5E17002AF3C2 /* CharacterModel.swift */,
				704BFD6F2A78FD9300D6E39C /* LocationModel.swift */,
				7010A4602A7A7F74006F3B91 /* EpisodeModel.swift */,
				7010A45E2A7A6A1D006F3B91 /* PageInfo.swift */,
			);
			path = Models;
			sourceTree = "<group>";
		};
		708BE81B2A7B77F6006AEF58 /* Resources */ = {
			isa = PBXGroup;
			children = (
				708BE8282A7B9F5F006AEF58 /* Style */,
				708BE81C2A7B7851006AEF58 /* Color.swift */,
			);
			path = Resources;
			sourceTree = "<group>";
		};
		708BE8282A7B9F5F006AEF58 /* Style */ = {
			isa = PBXGroup;
			children = (
				708BE8292A7B9F69006AEF58 /* Episode */,
			);
			path = Style;
			sourceTree = "<group>";
		};
		708BE8292A7B9F69006AEF58 /* Episode */ = {
			isa = PBXGroup;
			children = (
				708BE8242A7B97B6006AEF58 /* EpisodeTextStyle.swift */,
				708BE82A2A7B9F7A006AEF58 /* EpisodeCardStyle.swift */,
			);
			path = Episode;
			sourceTree = "<group>";
		};
		7098128E2A738A6C00ACBDDF /* Main */ = {
			isa = PBXGroup;
			children = (
				709812952A738B8D00ACBDDF /* ContentView.swift */,
				709812972A738BAA00ACBDDF /* TabBar.swift */,
				709812A52A738DE500ACBDDF /* HomeView.swift */,
				7098129F2A738C0A00ACBDDF /* CharactersView.swift */,
				7098129D2A738BFB00ACBDDF /* LocationsView.swift */,
				7098129B2A738BF100ACBDDF /* EpisodesView.swift */,
				709812A32A738C3500ACBDDF /* FavoritesView.swift */,
			);
			path = Main;
			sourceTree = "<group>";
		};
		709812922A738AC000ACBDDF /* Detail */ = {
			isa = PBXGroup;
			children = (
				709812AB2A73CE8300ACBDDF /* CharacterDetailView.swift */,
				704BFD7B2A791DD900D6E39C /* LocationDetailView.swift */,
				7010A46B2A7A916B006F3B91 /* EpisodeDetailView.swift */,
			);
			path = Detail;
			sourceTree = "<group>";
		};
		709812932A738AD300ACBDDF /* Components */ = {
			isa = PBXGroup;
			children = (
				704BFD7F2A79338300D6E39C /* Character */,
				704BFD802A79339400D6E39C /* Location */,
				7010A4642A7A826F006F3B91 /* Episode */,
			);
			path = Components;
			sourceTree = "<group>";
		};
		70F1903F2A6E518B001F6266 /* Views */ = {
			isa = PBXGroup;
			children = (
				7098128E2A738A6C00ACBDDF /* Main */,
				709812922A738AC000ACBDDF /* Detail */,
				709812932A738AD300ACBDDF /* Components */,
			);
			path = Views;
			sourceTree = "<group>";
		};
		70F190402A6E518F001F6266 /* ViewModels */ = {
			isa = PBXGroup;
			children = (
				702908E22A77CA0C008AF4C4 /* CharacterViewModel.swift */,
				704BFD792A79181E00D6E39C /* LocationViewModel.swift */,
				7010A4622A7A809B006F3B91 /* EpisodeViewModel.swift */,
				708BE82E2A7BC487006AEF58 /* EpisodeCharacterViewModel.swift */,
			);
			path = ViewModels;
			sourceTree = "<group>";
		};
		70FD1FE82A6AC412000E02A8 = {
			isa = PBXGroup;
			children = (
				70FD1FF32A6AC412000E02A8 /* TheRickandMorty */,
				70FD1FF22A6AC412000E02A8 /* Products */,
			);
			sourceTree = "<group>";
		};
		70FD1FF22A6AC412000E02A8 /* Products */ = {
			isa = PBXGroup;
			children = (
				70FD1FF12A6AC412000E02A8 /* TheRickandMorty.app */,
			);
			name = Products;
			sourceTree = "<group>";
		};
		70FD1FF32A6AC412000E02A8 /* TheRickandMorty */ = {
			isa = PBXGroup;
			children = (
				70FD1FF42A6AC412000E02A8 /* TheRickandMortyApp.swift */,
				708BE8222A7B7E4D006AEF58 /* Localizable.strings */,
				702908E72A77E6D3008AF4C4 /* Service */,
				706EA5262A6E5DA4002AF3C2 /* Models */,
				70F1903F2A6E518B001F6266 /* Views */,
				70F190402A6E518F001F6266 /* ViewModels */,
				708BE81B2A7B77F6006AEF58 /* Resources */,
				70FD1FF82A6AC415000E02A8 /* Assets.xcassets */,
				70FD1FFA2A6AC415000E02A8 /* Preview Content */,
			);
			path = TheRickandMorty;
			sourceTree = "<group>";
		};
		70FD1FFA2A6AC415000E02A8 /* Preview Content */ = {
			isa = PBXGroup;
			children = (
				70FD1FFB2A6AC415000E02A8 /* Preview Assets.xcassets */,
			);
			path = "Preview Content";
			sourceTree = "<group>";
		};
/* End PBXGroup section */

/* Begin PBXNativeTarget section */
		70FD1FF02A6AC412000E02A8 /* TheRickandMorty */ = {
			isa = PBXNativeTarget;
			buildConfigurationList = 70FD1FFF2A6AC415000E02A8 /* Build configuration list for PBXNativeTarget "TheRickandMorty" */;
			buildPhases = (
				70FD1FED2A6AC412000E02A8 /* Sources */,
				70FD1FEE2A6AC412000E02A8 /* Frameworks */,
				70FD1FEF2A6AC412000E02A8 /* Resources */,
			);
			buildRules = (
			);
			dependencies = (
			);
			name = TheRickandMorty;
			productName = TheRickandMorty;
			productReference = 70FD1FF12A6AC412000E02A8 /* TheRickandMorty.app */;
			productType = "com.apple.product-type.application";
		};
/* End PBXNativeTarget section */

/* Begin PBXProject section */
		70FD1FE92A6AC412000E02A8 /* Project object */ = {
			isa = PBXProject;
			attributes = {
				BuildIndependentTargetsInParallel = 1;
				LastSwiftUpdateCheck = 1430;
				LastUpgradeCheck = 1430;
				TargetAttributes = {
					70FD1FF02A6AC412000E02A8 = {
						CreatedOnToolsVersion = 14.3.1;
					};
				};
			};
			buildConfigurationList = 70FD1FEC2A6AC412000E02A8 /* Build configuration list for PBXProject "TheRickandMorty" */;
			compatibilityVersion = "Xcode 14.0";
			developmentRegion = en;
			hasScannedForEncodings = 0;
			knownRegions = (
				en,
				Base,
				tr,
			);
			mainGroup = 70FD1FE82A6AC412000E02A8;
			productRefGroup = 70FD1FF22A6AC412000E02A8 /* Products */;
			projectDirPath = "";
			projectRoot = "";
			targets = (
				70FD1FF02A6AC412000E02A8 /* TheRickandMorty */,
			);
		};
/* End PBXProject section */

/* Begin PBXResourcesBuildPhase section */
		70FD1FEF2A6AC412000E02A8 /* Resources */ = {
			isa = PBXResourcesBuildPhase;
			buildActionMask = 2147483647;
			files = (
				70FD1FFC2A6AC415000E02A8 /* Preview Assets.xcassets in Resources */,
				708BE8202A7B7E4D006AEF58 /* Localizable.strings in Resources */,
				70FD1FF92A6AC415000E02A8 /* Assets.xcassets in Resources */,
			);
			runOnlyForDeploymentPostprocessing = 0;
		};
/* End PBXResourcesBuildPhase section */

/* Begin PBXSourcesBuildPhase section */
		70FD1FED2A6AC412000E02A8 /* Sources */ = {
			isa = PBXSourcesBuildPhase;
			buildActionMask = 2147483647;
			files = (
				70FD1FF52A6AC412000E02A8 /* TheRickandMortyApp.swift in Sources */,
				709812A62A738DE500ACBDDF /* HomeView.swift in Sources */,
				706EA5282A6E5E17002AF3C2 /* CharacterModel.swift in Sources */,
				709812AA2A73B9AC00ACBDDF /* CharacterList.swift in Sources */,
				702908E92A77E6E5008AF4C4 /* API.swift in Sources */,
				7010A4612A7A7F74006F3B91 /* EpisodeModel.swift in Sources */,
				7098129C2A738BF100ACBDDF /* EpisodesView.swift in Sources */,
				708BE82B2A7B9F7A006AEF58 /* EpisodeCardStyle.swift in Sources */,
				7010A4662A7A8289006F3B91 /* EpisodeCard.swift in Sources */,
				709812A42A738C3500ACBDDF /* FavoritesView.swift in Sources */,
				704BFD7A2A79181E00D6E39C /* LocationViewModel.swift in Sources */,
				704BFD742A79001200D6E39C /* LocationCard.swift in Sources */,
				7010A46C2A7A916B006F3B91 /* EpisodeDetailView.swift in Sources */,
				708BE82D2A7BB90B006AEF58 /* EpisodeDetailListCard.swift in Sources */,
				709812AC2A73CE8300ACBDDF /* CharacterDetailView.swift in Sources */,
				704BFD702A78FD9300D6E39C /* LocationModel.swift in Sources */,
				709812A82A73AEEE00ACBDDF /* CharacterCard.swift in Sources */,
				7010A4682A7A860A006F3B91 /* EpisodeList.swift in Sources */,
				702908E32A77CA0C008AF4C4 /* CharacterViewModel.swift in Sources */,
				708BE81D2A7B7851006AEF58 /* Color.swift in Sources */,
				709812962A738B8D00ACBDDF /* ContentView.swift in Sources */,
				708BE8252A7B97B6006AEF58 /* EpisodeTextStyle.swift in Sources */,
				7010A45F2A7A6A1D006F3B91 /* PageInfo.swift in Sources */,
				708BE8272A7B9D97006AEF58 /* EpisodeDetailCard.swift in Sources */,
				704BFD7E2A7924BA00D6E39C /* LocationList.swift in Sources */,
				709812A02A738C0A00ACBDDF /* CharactersView.swift in Sources */,
				702908DF2A777DD7008AF4C4 /* CharacterDetailCard.swift in Sources */,
				7098129E2A738BFB00ACBDDF /* LocationsView.swift in Sources */,
				708BE82F2A7BC487006AEF58 /* EpisodeCharacterViewModel.swift in Sources */,
				704BFD7C2A791DD900D6E39C /* LocationDetailView.swift in Sources */,
				7010A4632A7A809B006F3B91 /* EpisodeViewModel.swift in Sources */,
				709812982A738BAA00ACBDDF /* TabBar.swift in Sources */,
			);
			runOnlyForDeploymentPostprocessing = 0;
		};
/* End PBXSourcesBuildPhase section */

/* Begin PBXVariantGroup section */
		708BE8222A7B7E4D006AEF58 /* Localizable.strings */ = {
			isa = PBXVariantGroup;
			children = (
				708BE8212A7B7E4D006AEF58 /* en */,
				708BE8232A7B7E50006AEF58 /* tr */,
			);
			name = Localizable.strings;
			sourceTree = "<group>";
		};
/* End PBXVariantGroup section */

/* Begin XCBuildConfiguration section */
		70FD1FFD2A6AC415000E02A8 /* Debug */ = {
			isa = XCBuildConfiguration;
			buildSettings = {
				ALWAYS_SEARCH_USER_PATHS = NO;
				CLANG_ANALYZER_NONNULL = YES;
				CLANG_ANALYZER_NUMBER_OBJECT_CONVERSION = YES_AGGRESSIVE;
				CLANG_CXX_LANGUAGE_STANDARD = "gnu++20";
				CLANG_ENABLE_MODULES = YES;
				CLANG_ENABLE_OBJC_ARC = YES;
				CLANG_ENABLE_OBJC_WEAK = YES;
				CLANG_WARN_BLOCK_CAPTURE_AUTORELEASING = YES;
				CLANG_WARN_BOOL_CONVERSION = YES;
				CLANG_WARN_COMMA = YES;
				CLANG_WARN_CONSTANT_CONVERSION = YES;
				CLANG_WARN_DEPRECATED_OBJC_IMPLEMENTATIONS = YES;
				CLANG_WARN_DIRECT_OBJC_ISA_USAGE = YES_ERROR;
				CLANG_WARN_DOCUMENTATION_COMMENTS = YES;
				CLANG_WARN_EMPTY_BODY = YES;
				CLANG_WARN_ENUM_CONVERSION = YES;
				CLANG_WARN_INFINITE_RECURSION = YES;
				CLANG_WARN_INT_CONVERSION = YES;
				CLANG_WARN_NON_LITERAL_NULL_CONVERSION = YES;
				CLANG_WARN_OBJC_IMPLICIT_RETAIN_SELF = YES;
				CLANG_WARN_OBJC_LITERAL_CONVERSION = YES;
				CLANG_WARN_OBJC_ROOT_CLASS = YES_ERROR;
				CLANG_WARN_QUOTED_INCLUDE_IN_FRAMEWORK_HEADER = YES;
				CLANG_WARN_RANGE_LOOP_ANALYSIS = YES;
				CLANG_WARN_STRICT_PROTOTYPES = YES;
				CLANG_WARN_SUSPICIOUS_MOVE = YES;
				CLANG_WARN_UNGUARDED_AVAILABILITY = YES_AGGRESSIVE;
				CLANG_WARN_UNREACHABLE_CODE = YES;
				CLANG_WARN__DUPLICATE_METHOD_MATCH = YES;
				COPY_PHASE_STRIP = NO;
				DEBUG_INFORMATION_FORMAT = dwarf;
				ENABLE_STRICT_OBJC_MSGSEND = YES;
				ENABLE_TESTABILITY = YES;
				GCC_C_LANGUAGE_STANDARD = gnu11;
				GCC_DYNAMIC_NO_PIC = NO;
				GCC_NO_COMMON_BLOCKS = YES;
				GCC_OPTIMIZATION_LEVEL = 0;
				GCC_PREPROCESSOR_DEFINITIONS = (
					"DEBUG=1",
					"$(inherited)",
				);
				GCC_WARN_64_TO_32_BIT_CONVERSION = YES;
				GCC_WARN_ABOUT_RETURN_TYPE = YES_ERROR;
				GCC_WARN_UNDECLARED_SELECTOR = YES;
				GCC_WARN_UNINITIALIZED_AUTOS = YES_AGGRESSIVE;
				GCC_WARN_UNUSED_FUNCTION = YES;
				GCC_WARN_UNUSED_VARIABLE = YES;
				IPHONEOS_DEPLOYMENT_TARGET = 16.4;
				MTL_ENABLE_DEBUG_INFO = INCLUDE_SOURCE;
				MTL_FAST_MATH = YES;
				ONLY_ACTIVE_ARCH = YES;
				SDKROOT = iphoneos;
				SWIFT_ACTIVE_COMPILATION_CONDITIONS = DEBUG;
				SWIFT_OPTIMIZATION_LEVEL = "-Onone";
			};
			name = Debug;
		};
		70FD1FFE2A6AC415000E02A8 /* Release */ = {
			isa = XCBuildConfiguration;
			buildSettings = {
				ALWAYS_SEARCH_USER_PATHS = NO;
				CLANG_ANALYZER_NONNULL = YES;
				CLANG_ANALYZER_NUMBER_OBJECT_CONVERSION = YES_AGGRESSIVE;
				CLANG_CXX_LANGUAGE_STANDARD = "gnu++20";
				CLANG_ENABLE_MODULES = YES;
				CLANG_ENABLE_OBJC_ARC = YES;
				CLANG_ENABLE_OBJC_WEAK = YES;
				CLANG_WARN_BLOCK_CAPTURE_AUTORELEASING = YES;
				CLANG_WARN_BOOL_CONVERSION = YES;
				CLANG_WARN_COMMA = YES;
				CLANG_WARN_CONSTANT_CONVERSION = YES;
				CLANG_WARN_DEPRECATED_OBJC_IMPLEMENTATIONS = YES;
				CLANG_WARN_DIRECT_OBJC_ISA_USAGE = YES_ERROR;
				CLANG_WARN_DOCUMENTATION_COMMENTS = YES;
				CLANG_WARN_EMPTY_BODY = YES;
				CLANG_WARN_ENUM_CONVERSION = YES;
				CLANG_WARN_INFINITE_RECURSION = YES;
				CLANG_WARN_INT_CONVERSION = YES;
				CLANG_WARN_NON_LITERAL_NULL_CONVERSION = YES;
				CLANG_WARN_OBJC_IMPLICIT_RETAIN_SELF = YES;
				CLANG_WARN_OBJC_LITERAL_CONVERSION = YES;
				CLANG_WARN_OBJC_ROOT_CLASS = YES_ERROR;
				CLANG_WARN_QUOTED_INCLUDE_IN_FRAMEWORK_HEADER = YES;
				CLANG_WARN_RANGE_LOOP_ANALYSIS = YES;
				CLANG_WARN_STRICT_PROTOTYPES = YES;
				CLANG_WARN_SUSPICIOUS_MOVE = YES;
				CLANG_WARN_UNGUARDED_AVAILABILITY = YES_AGGRESSIVE;
				CLANG_WARN_UNREACHABLE_CODE = YES;
				CLANG_WARN__DUPLICATE_METHOD_MATCH = YES;
				COPY_PHASE_STRIP = NO;
				DEBUG_INFORMATION_FORMAT = "dwarf-with-dsym";
				ENABLE_NS_ASSERTIONS = NO;
				ENABLE_STRICT_OBJC_MSGSEND = YES;
				GCC_C_LANGUAGE_STANDARD = gnu11;
				GCC_NO_COMMON_BLOCKS = YES;
				GCC_WARN_64_TO_32_BIT_CONVERSION = YES;
				GCC_WARN_ABOUT_RETURN_TYPE = YES_ERROR;
				GCC_WARN_UNDECLARED_SELECTOR = YES;
				GCC_WARN_UNINITIALIZED_AUTOS = YES_AGGRESSIVE;
				GCC_WARN_UNUSED_FUNCTION = YES;
				GCC_WARN_UNUSED_VARIABLE = YES;
				IPHONEOS_DEPLOYMENT_TARGET = 16.4;
				MTL_ENABLE_DEBUG_INFO = NO;
				MTL_FAST_MATH = YES;
				SDKROOT = iphoneos;
				SWIFT_COMPILATION_MODE = wholemodule;
				SWIFT_OPTIMIZATION_LEVEL = "-O";
				VALIDATE_PRODUCT = YES;
			};
			name = Release;
		};
		70FD20002A6AC415000E02A8 /* Debug */ = {
			isa = XCBuildConfiguration;
			buildSettings = {
				ASSETCATALOG_COMPILER_APPICON_NAME = AppIcon;
				ASSETCATALOG_COMPILER_GLOBAL_ACCENT_COLOR_NAME = AccentColor;
				CODE_SIGN_STYLE = Automatic;
				CURRENT_PROJECT_VERSION = 1;
				DEVELOPMENT_ASSET_PATHS = "\"TheRickandMorty/Preview Content\"";
				DEVELOPMENT_TEAM = T457MV49KP;
				ENABLE_PREVIEWS = YES;
				GENERATE_INFOPLIST_FILE = YES;
				INFOPLIST_KEY_CFBundleDisplayName = RickMorty;
				INFOPLIST_KEY_UIApplicationSceneManifest_Generation = YES;
				INFOPLIST_KEY_UIApplicationSupportsIndirectInputEvents = YES;
				INFOPLIST_KEY_UILaunchScreen_Generation = YES;
				INFOPLIST_KEY_UISupportedInterfaceOrientations = UIInterfaceOrientationPortrait;
				INFOPLIST_KEY_UISupportedInterfaceOrientations_iPad = "UIInterfaceOrientationLandscapeLeft UIInterfaceOrientationLandscapeRight UIInterfaceOrientationPortrait UIInterfaceOrientationPortraitUpsideDown";
				LD_RUNPATH_SEARCH_PATHS = (
					"$(inherited)",
					"@executable_path/Frameworks",
				);
				MARKETING_VERSION = 1.0;
				PRODUCT_BUNDLE_IDENTIFIER = com.mehmetguven.TheRickandMorty;
				PRODUCT_NAME = "$(TARGET_NAME)";
				SWIFT_EMIT_LOC_STRINGS = YES;
				SWIFT_VERSION = 5.0;
				TARGETED_DEVICE_FAMILY = "1,2";
			};
			name = Debug;
		};
		70FD20012A6AC415000E02A8 /* Release */ = {
			isa = XCBuildConfiguration;
			buildSettings = {
				ASSETCATALOG_COMPILER_APPICON_NAME = AppIcon;
				ASSETCATALOG_COMPILER_GLOBAL_ACCENT_COLOR_NAME = AccentColor;
				CODE_SIGN_STYLE = Automatic;
				CURRENT_PROJECT_VERSION = 1;
				DEVELOPMENT_ASSET_PATHS = "\"TheRickandMorty/Preview Content\"";
				DEVELOPMENT_TEAM = T457MV49KP;
				ENABLE_PREVIEWS = YES;
				GENERATE_INFOPLIST_FILE = YES;
				INFOPLIST_KEY_CFBundleDisplayName = RickMorty;
				INFOPLIST_KEY_UIApplicationSceneManifest_Generation = YES;
				INFOPLIST_KEY_UIApplicationSupportsIndirectInputEvents = YES;
				INFOPLIST_KEY_UILaunchScreen_Generation = YES;
				INFOPLIST_KEY_UISupportedInterfaceOrientations = UIInterfaceOrientationPortrait;
				INFOPLIST_KEY_UISupportedInterfaceOrientations_iPad = "UIInterfaceOrientationLandscapeLeft UIInterfaceOrientationLandscapeRight UIInterfaceOrientationPortrait UIInterfaceOrientationPortraitUpsideDown";
				LD_RUNPATH_SEARCH_PATHS = (
					"$(inherited)",
					"@executable_path/Frameworks",
				);
				MARKETING_VERSION = 1.0;
				PRODUCT_BUNDLE_IDENTIFIER = com.mehmetguven.TheRickandMorty;
				PRODUCT_NAME = "$(TARGET_NAME)";
				SWIFT_EMIT_LOC_STRINGS = YES;
				SWIFT_VERSION = 5.0;
				TARGETED_DEVICE_FAMILY = "1,2";
			};
			name = Release;
		};
/* End XCBuildConfiguration section */

/* Begin XCConfigurationList section */
		70FD1FEC2A6AC412000E02A8 /* Build configuration list for PBXProject "TheRickandMorty" */ = {
			isa = XCConfigurationList;
			buildConfigurations = (
				70FD1FFD2A6AC415000E02A8 /* Debug */,
				70FD1FFE2A6AC415000E02A8 /* Release */,
			);
			defaultConfigurationIsVisible = 0;
			defaultConfigurationName = Release;
		};
		70FD1FFF2A6AC415000E02A8 /* Build configuration list for PBXNativeTarget "TheRickandMorty" */ = {
			isa = XCConfigurationList;
			buildConfigurations = (
				70FD20002A6AC415000E02A8 /* Debug */,
				70FD20012A6AC415000E02A8 /* Release */,
			);
			defaultConfigurationIsVisible = 0;
			defaultConfigurationName = Release;
		};
/* End XCConfigurationList section */
	};
	rootObject = 70FD1FE92A6AC412000E02A8 /* Project object */;
}
